<?xml version="1.0" encoding="utf-8"?>
<Project ToolsVersion="4.0" xmlns="http://schemas.microsoft.com/developer/msbuild/2003">
  <ItemGroup>
    <Filter Include="Source Files">
      <UniqueIdentifier>{6a3c1389-356d-423a-a12c-a44f2fc9a9d7}</UniqueIdentifier>
      <Extensions>cpp;c;cxx;rc;def;r;odl;idl;hpj;bat</Extensions>
    </Filter>
    <Filter Include="Header Files">
      <UniqueIdentifier>{b69481da-0084-4940-8c72-e6e31266a849}</UniqueIdentifier>
      <Extensions>h;hpp;hxx;hm;inl</Extensions>
    </Filter>
    <Filter Include="Resource Files">
      <UniqueIdentifier>{e0f4819a-a50d-40f1-84c7-d628065fcce1}</UniqueIdentifier>
      <Extensions>ico;cur;bmp;dlg;rc2;rct;bin;rgs;gif;jpg;jpeg;jpe</Extensions>
    </Filter>
  </ItemGroup>
  <ItemGroup>
    <ClInclude Include="..\XmlWriter.h">
      <Filter>Header Files</Filter>
    </ClInclude>
    <ClInclude Include="..\AcceptLanguageList.h">
      <Filter>Header Files</Filter>
    </ClInclude>
    <ClInclude Include="..\AnonymousPipe.h">
      <Filter>Header Files</Filter>
    </ClInclude>
    <ClInclude Include="..\Array.h">
      <Filter>Header Files</Filter>
    </ClInclude>
    <ClInclude Include="..\ArrayImpl.h">
      <Filter>Header Files</Filter>
    </ClInclude>
    <ClInclude Include="..\ArrayInter.h">
      <Filter>Header Files</Filter>
    </ClInclude>
    <ClInclude Include="..\ArrayInternal.h">
      <Filter>Header Files</Filter>
    </ClInclude>
    <ClInclude Include="..\ArrayIterator.h">
      <Filter>Header Files</Filter>
    </ClInclude>
    <ClInclude Include="..\ArrayRep.h">
      <Filter>Header Files</Filter>
    </ClInclude>
    <ClInclude Include="..\AsyncOpNode.h">
      <Filter>Header Files</Filter>
    </ClInclude>
    <ClInclude Include="..\AsyncQueue.h">
      <Filter>Header Files</Filter>
    </ClInclude>
    <ClInclude Include="..\AsyncRequestExecutor.h">
      <Filter>Header Files</Filter>
    </ClInclude>
    <ClInclude Include="..\AtomicInt.h">
      <Filter>Header Files</Filter>
    </ClInclude>
    <ClInclude Include="..\Attribute.h">
      <Filter>Header Files</Filter>
    </ClInclude>
    <ClInclude Include="..\Audit_zOS_SMF.h">
      <Filter>Header Files</Filter>
    </ClInclude>
    <ClInclude Include="..\Audit_zOS_SMFStructures.h">
      <Filter>Header Files</Filter>
    </ClInclude>
    <ClInclude Include="..\AuditLogger.h">
      <Filter>Header Files</Filter>
    </ClInclude>
    <ClInclude Include="..\AuthenticationInfo.h">
      <Filter>Header Files</Filter>
    </ClInclude>
    <ClInclude Include="..\AuthenticationInfoRep.h">
      <Filter>Header Files</Filter>
    </ClInclude>
    <ClInclude Include="..\AuthHandle.h">
      <Filter>Header Files</Filter>
    </ClInclude>
    <ClInclude Include="..\AutoPtr.h">
      <Filter>Header Files</Filter>
    </ClInclude>
    <ClInclude Include="..\Base64.h">
      <Filter>Header Files</Filter>
    </ClInclude>
    <ClInclude Include="..\BinaryCodec.h">
      <Filter>Header Files</Filter>
    </ClInclude>
    <ClInclude Include="..\Buffer.h">
      <Filter>Header Files</Filter>
    </ClInclude>
    <ClInclude Include="..\Char16.h">
      <Filter>Header Files</Filter>
    </ClInclude>
    <ClInclude Include="..\Char16Inline.h">
      <Filter>Header Files</Filter>
    </ClInclude>
    <ClInclude Include="..\CharSet.h">
      <Filter>Header Files</Filter>
    </ClInclude>
    <ClInclude Include="..\CIMBinMsgDeserializer.h">
      <Filter>Header Files</Filter>
    </ClInclude>
    <ClInclude Include="..\CIMBinMsgSerializer.h">
      <Filter>Header Files</Filter>
    </ClInclude>
    <ClInclude Include="..\CIMBuffer.h">
      <Filter>Header Files</Filter>
    </ClInclude>
    <ClInclude Include="..\CIMClass.h">
      <Filter>Header Files</Filter>
    </ClInclude>
    <ClInclude Include="..\CIMClassRep.h">
      <Filter>Header Files</Filter>
    </ClInclude>
    <ClInclude Include="..\CIMDateTime.h">
      <Filter>Header Files</Filter>
    </ClInclude>
    <ClInclude Include="..\CIMDateTimeInline.h">
      <Filter>Header Files</Filter>
    </ClInclude>
    <ClInclude Include="..\CIMDateTimeRep.h">
      <Filter>Header Files</Filter>
    </ClInclude>
    <ClInclude Include="..\CIMExceptionRep.h">
      <Filter>Header Files</Filter>
    </ClInclude>
    <ClInclude Include="..\CIMFlavor.h">
      <Filter>Header Files</Filter>
    </ClInclude>
    <ClInclude Include="..\CIMIndication.h">
      <Filter>Header Files</Filter>
    </ClInclude>
    <ClInclude Include="..\CIMInstance.h">
      <Filter>Header Files</Filter>
    </ClInclude>
    <ClInclude Include="..\CIMInstanceRep.h">
      <Filter>Header Files</Filter>
    </ClInclude>
    <ClInclude Include="..\CIMInternalXmlEncoder.h">
      <Filter>Header Files</Filter>
    </ClInclude>
    <ClInclude Include="..\CIMKeyBindingRep.h">
      <Filter>Header Files</Filter>
    </ClInclude>
    <ClInclude Include="..\CIMMessage.h">
      <Filter>Header Files</Filter>
    </ClInclude>
    <ClInclude Include="..\CIMMethod.h">
      <Filter>Header Files</Filter>
    </ClInclude>
    <ClInclude Include="..\CIMMethodRep.h">
      <Filter>Header Files</Filter>
    </ClInclude>
    <ClInclude Include="..\CIMName.h">
      <Filter>Header Files</Filter>
    </ClInclude>
    <ClInclude Include="..\CIMNameCast.h">
      <Filter>Header Files</Filter>
    </ClInclude>
    <ClInclude Include="..\CIMNameInline.h">
      <Filter>Header Files</Filter>
    </ClInclude>
    <ClInclude Include="..\CIMObject.h">
      <Filter>Header Files</Filter>
    </ClInclude>
    <ClInclude Include="..\CIMObjectPath.h">
      <Filter>Header Files</Filter>
    </ClInclude>
    <ClInclude Include="..\CIMObjectPathRep.h">
      <Filter>Header Files</Filter>
    </ClInclude>
    <ClInclude Include="..\CIMObjectRep.h">
      <Filter>Header Files</Filter>
    </ClInclude>
    <ClInclude Include="..\Cimom.h">
      <Filter>Header Files</Filter>
    </ClInclude>
    <ClInclude Include="..\CimomMessage.h">
      <Filter>Header Files</Filter>
    </ClInclude>
    <ClInclude Include="..\CIMOperationType.h">
      <Filter>Header Files</Filter>
    </ClInclude>
    <ClInclude Include="..\CIMParameter.h">
      <Filter>Header Files</Filter>
    </ClInclude>
    <ClInclude Include="..\CIMParameterRep.h">
      <Filter>Header Files</Filter>
    </ClInclude>
    <ClInclude Include="..\CIMParamValue.h">
      <Filter>Header Files</Filter>
    </ClInclude>
    <ClInclude Include="..\CIMParamValueRep.h">
      <Filter>Header Files</Filter>
    </ClInclude>
    <ClInclude Include="..\CIMProperty.h">
      <Filter>Header Files</Filter>
    </ClInclude>
    <ClInclude Include="..\CIMPropertyInternal.h">
      <Filter>Header Files</Filter>
    </ClInclude>
    <ClInclude Include="..\CIMPropertyList.h">
      <Filter>Header Files</Filter>
    </ClInclude>
    <ClInclude Include="..\CIMPropertyListRep.h">
      <Filter>Header Files</Filter>
    </ClInclude>
    <ClInclude Include="..\CIMPropertyRep.h">
      <Filter>Header Files</Filter>
    </ClInclude>
    <ClInclude Include="..\CIMQualifier.h">
      <Filter>Header Files</Filter>
    </ClInclude>
    <ClInclude Include="..\CIMQualifierDecl.h">
      <Filter>Header Files</Filter>
    </ClInclude>
    <ClInclude Include="..\CIMQualifierDeclRep.h">
      <Filter>Header Files</Filter>
    </ClInclude>
    <ClInclude Include="..\CIMQualifierList.h">
      <Filter>Header Files</Filter>
    </ClInclude>
    <ClInclude Include="..\CIMQualifierNames.h">
      <Filter>Header Files</Filter>
    </ClInclude>
    <ClInclude Include="..\CIMQualifierRep.h">
      <Filter>Header Files</Filter>
    </ClInclude>
    <ClInclude Include="..\CIMResponseData.h">
      <Filter>Header Files</Filter>
    </ClInclude>
    <ClInclude Include="..\CIMScope.h">
      <Filter>Header Files</Filter>
    </ClInclude>
    <ClInclude Include="..\CIMServerDescription.h">
      <Filter>Header Files</Filter>
    </ClInclude>
    <ClInclude Include="..\CIMStatusCode.h">
      <Filter>Header Files</Filter>
    </ClInclude>
    <ClInclude Include="..\CIMType.h">
      <Filter>Header Files</Filter>
    </ClInclude>
    <ClInclude Include="..\CIMValue.h">
      <Filter>Header Files</Filter>
    </ClInclude>
    <ClInclude Include="..\CIMValueInline.h">
      <Filter>Header Files</Filter>
    </ClInclude>
    <ClInclude Include="..\CIMValueRep.h">
      <Filter>Header Files</Filter>
    </ClInclude>
    <ClInclude Include="..\CommonUTF.h">
      <Filter>Header Files</Filter>
    </ClInclude>
    <ClInclude Include="..\Condition.h">
      <Filter>Header Files</Filter>
    </ClInclude>
    <ClInclude Include="..\Config.h">
      <Filter>Header Files</Filter>
    </ClInclude>
    <ClInclude Include="..\Constants.h">
      <Filter>Header Files</Filter>
    </ClInclude>
    <ClInclude Include="..\ContentLanguageList.h">
      <Filter>Header Files</Filter>
    </ClInclude>
    <ClInclude Include="..\DeclContext.h">
      <Filter>Header Files</Filter>
    </ClInclude>
    <ClInclude Include="..\Dir.h">
      <Filter>Header Files</Filter>
    </ClInclude>
    <ClInclude Include="..\Exception.h">
      <Filter>Header Files</Filter>
    </ClInclude>
    <ClInclude Include="..\ExceptionRep.h">
      <Filter>Header Files</Filter>
    </ClInclude>
    <ClInclude Include="..\Executor.h">
      <Filter>Header Files</Filter>
    </ClInclude>
    <ClInclude Include="..\FileSystem.h">
      <Filter>Header Files</Filter>
    </ClInclude>
    <ClInclude Include="..\Formatter.h">
      <Filter>Header Files</Filter>
    </ClInclude>
    <ClInclude Include="..\HashTable.h">
      <Filter>Header Files</Filter>
    </ClInclude>
    <ClInclude Include="..\HostAddress.h">
      <Filter>Header Files</Filter>
    </ClInclude>
    <ClInclude Include="..\HostLocator.h">
      <Filter>Header Files</Filter>
    </ClInclude>
    <ClInclude Include="..\HTTPAcceptor.h">
      <Filter>Header Files</Filter>
    </ClInclude>
    <ClInclude Include="..\HTTPConnection.h">
      <Filter>Header Files</Filter>
    </ClInclude>
    <ClInclude Include="..\HTTPConnector.h">
      <Filter>Header Files</Filter>
    </ClInclude>
    <ClInclude Include="..\HTTPMessage.h">
      <Filter>Header Files</Filter>
    </ClInclude>
    <ClInclude Include="..\IDFactory.h">
      <Filter>Header Files</Filter>
    </ClInclude>
    <ClInclude Include="..\IndicationRouter.h">
      <Filter>Header Files</Filter>
    </ClInclude>
    <ClInclude Include="..\InternalException.h">
      <Filter>Header Files</Filter>
    </ClInclude>
    <ClInclude Include="..\LanguageParser.h">
      <Filter>Header Files</Filter>
    </ClInclude>
    <ClInclude Include="..\LanguageTag.h">
      <Filter>Header Files</Filter>
    </ClInclude>
    <ClInclude Include="..\Linkable.h">
      <Filter>Header Files</Filter>
    </ClInclude>
    <ClInclude Include="..\Linkage.h">
      <Filter>Header Files</Filter>
    </ClInclude>
    <ClInclude Include="..\List.h">
      <Filter>Header Files</Filter>
    </ClInclude>
    <ClInclude Include="..\Logger.h">
      <Filter>Header Files</Filter>
    </ClInclude>
    <ClInclude Include="..\Magic.h">
      <Filter>Header Files</Filter>
    </ClInclude>
    <ClInclude Include="..\Memory.h">
      <Filter>Header Files</Filter>
    </ClInclude>
    <ClInclude Include="..\Message.h">
      <Filter>Header Files</Filter>
    </ClInclude>
    <ClInclude Include="..\MessageLoader.h">
      <Filter>Header Files</Filter>
    </ClInclude>
    <ClInclude Include="..\MessageQueue.h">
      <Filter>Header Files</Filter>
    </ClInclude>
    <ClInclude Include="..\MessageQueueService.h">
      <Filter>Header Files</Filter>
    </ClInclude>
    <ClInclude Include="..\ModuleController.h">
      <Filter>Header Files</Filter>
    </ClInclude>
    <ClInclude Include="..\Monitor.h">
      <Filter>Header Files</Filter>
    </ClInclude>
    <ClInclude Include="..\Mutex.h">
      <Filter>Header Files</Filter>
    </ClInclude>
    <ClInclude Include="..\Negotiate.h">
      <Filter>Header Files</Filter>
    </ClInclude>
    <ClInclude Include="..\Network.h">
      <Filter>Header Files</Filter>
    </ClInclude>
    <ClInclude Include="..\ObjectNormalizer.h">
      <Filter>Header Files</Filter>
    </ClInclude>
    <ClInclude Include="..\Once.h">
      <Filter>Header Files</Filter>
    </ClInclude>
    <ClInclude Include="..\OperationContext.h">
      <Filter>Header Files</Filter>
    </ClInclude>
    <ClInclude Include="..\OperationContextInternal.h">
      <Filter>Header Files</Filter>
    </ClInclude>
    <ClInclude Include="..\OrderedSet.h">
      <Filter>Header Files</Filter>
    </ClInclude>
    <ClInclude Include="..\Pair.h">
      <Filter>Header Files</Filter>
    </ClInclude>
    <ClInclude Include="..\PaseCcsid.h">
      <Filter>Header Files</Filter>
    </ClInclude>
    <ClInclude Include="..\Pegasus_inl.h">
      <Filter>Header Files</Filter>
    </ClInclude>
    <ClInclude Include="..\PegasusAssert.h">
      <Filter>Header Files</Filter>
    </ClInclude>
    <ClInclude Include="..\PegasusAssertZOS.h">
      <Filter>Header Files</Filter>
    </ClInclude>
    <ClInclude Include="..\PegasusVersion.h">
      <Filter>Header Files</Filter>
    </ClInclude>
    <ClInclude Include="..\Platform_AIX_RS_IBMCXX.h">
      <Filter>Header Files</Filter>
    </ClInclude>
    <ClInclude Include="..\Platform_DARWIN_GNU.h">
      <Filter>Header Files</Filter>
    </ClInclude>
    <ClInclude Include="..\Platform_DARWIN_IX86_GNU.h">
      <Filter>Header Files</Filter>
    </ClInclude>
    <ClInclude Include="..\Platform_DARWIN_PPC_GNU.h">
      <Filter>Header Files</Filter>
    </ClInclude>
    <ClInclude Include="..\Platform_HPUX_IA64_ACC.h">
      <Filter>Header Files</Filter>
    </ClInclude>
    <ClInclude Include="..\Platform_HPUX_IA64_GNU.h">
      <Filter>Header Files</Filter>
    </ClInclude>
    <ClInclude Include="..\Platform_HPUX_PARISC_ACC.h">
      <Filter>Header Files</Filter>
    </ClInclude>
    <ClInclude Include="..\Platform_HPUX_PARISC_GNU.h">
      <Filter>Header Files</Filter>
    </ClInclude>
    <ClInclude Include="..\Platform_LINUX_AARCH64_GNU.h">
      <Filter>Header Files</Filter>
    </ClInclude>
    <ClInclude Include="..\Platform_LINUX_IA64_GNU.h">
      <Filter>Header Files</Filter>
    </ClInclude>
    <ClInclude Include="..\Platform_LINUX_IX86_CLANG.h">
      <Filter>Header Files</Filter>
    </ClInclude>
    <ClInclude Include="..\Platform_LINUX_IX86_GNU.h">
      <Filter>Header Files</Filter>
    </ClInclude>
    <ClInclude Include="..\Platform_LINUX_PPC_E500_GNU.h">
      <Filter>Header Files</Filter>
    </ClInclude>
    <ClInclude Include="..\Platform_LINUX_PPC_GNU.h">
      <Filter>Header Files</Filter>
    </ClInclude>
    <ClInclude Include="..\Platform_LINUX_PPC64_GNU.h">
      <Filter>Header Files</Filter>
    </ClInclude>
    <ClInclude Include="..\Platform_LINUX_SH4_GNU.h">
      <Filter>Header Files</Filter>
    </ClInclude>
    <ClInclude Include="..\Platform_LINUX_X86_64_CLANG.h">
      <Filter>Header Files</Filter>
    </ClInclude>
    <ClInclude Include="..\Platform_LINUX_X86_64_GNU.h">
      <Filter>Header Files</Filter>
    </ClInclude>
    <ClInclude Include="..\Platform_LINUX_XSCALE_GNU.h">
      <Filter>Header Files</Filter>
    </ClInclude>
    <ClInclude Include="..\Platform_LINUX_ZSERIES_GNU.h">
      <Filter>Header Files</Filter>
    </ClInclude>
    <ClInclude Include="..\Platform_LINUX_ZSERIES64_GNU.h">
      <Filter>Header Files</Filter>
    </ClInclude>
    <ClInclude Include="..\Platform_PASE_ISERIES_IBMCXX.h">
      <Filter>Header Files</Filter>
    </ClInclude>
    <ClInclude Include="..\Platform_SOLARIS_CC.h">
      <Filter>Header Files</Filter>
    </ClInclude>
    <ClInclude Include="..\Platform_SOLARIS_IX86_CC.h">
      <Filter>Header Files</Filter>
    </ClInclude>
    <ClInclude Include="..\Platform_SOLARIS_SPARC_CC.h">
      <Filter>Header Files</Filter>
    </ClInclude>
    <ClInclude Include="..\Platform_SOLARIS_SPARC_CC_64.h">
      <Filter>Header Files</Filter>
    </ClInclude>
    <ClInclude Include="..\Platform_SOLARIS_SPARC_GNU.h">
      <Filter>Header Files</Filter>
    </ClInclude>
    <ClInclude Include="..\Platform_SOLARIS_X86_64_CC.h">
      <Filter>Header Files</Filter>
    </ClInclude>
    <ClInclude Include="..\Platform_TRU64_ALPHA_DECCXX.h">
      <Filter>Header Files</Filter>
    </ClInclude>
    <ClInclude Include="..\Platform_VMS.h">
      <Filter>Header Files</Filter>
    </ClInclude>
    <ClInclude Include="..\Platform_VMS_ALPHA_DECCXX.h">
      <Filter>Header Files</Filter>
    </ClInclude>
    <ClInclude Include="..\Platform_VMS_IA64_DECCXX.h">
      <Filter>Header Files</Filter>
    </ClInclude>
    <ClInclude Include="..\Platform_WIN32_IX86_MSVC.h">
      <Filter>Header Files</Filter>
    </ClInclude>
    <ClInclude Include="..\Platform_WIN64_IA64_MSVC.h">
      <Filter>Header Files</Filter>
    </ClInclude>
    <ClInclude Include="..\Platform_WIN64_X86_64_MSVC.h">
      <Filter>Header Files</Filter>
    </ClInclude>
    <ClInclude Include="..\Platform_ZOS_ZSERIES_IBM.h">
      <Filter>Header Files</Filter>
    </ClInclude>
    <ClInclude Include="..\Platform_ZOS_ZSERIES64_IBM.h">
      <Filter>Header Files</Filter>
    </ClInclude>
    <ClInclude Include="..\Print.h">
      <Filter>Header Files</Filter>
    </ClInclude>
    <ClInclude Include="..\QueryExpressionRep.h">
      <Filter>Header Files</Filter>
    </ClInclude>
    <ClInclude Include="..\ReadWriteSem.h">
      <Filter>Header Files</Filter>
    </ClInclude>
    <ClInclude Include="..\Resolver.h">
      <Filter>Header Files</Filter>
    </ClInclude>
    <ClInclude Include="..\ResponseHandler.h">
      <Filter>Header Files</Filter>
    </ClInclude>
    <ClInclude Include="..\ResponseHandlerRep.h">
      <Filter>Header Files</Filter>
    </ClInclude>
    <ClInclude Include="..\SCMO.h">
      <Filter>Header Files</Filter>
    </ClInclude>
    <ClInclude Include="..\SCMOClass.h">
      <Filter>Header Files</Filter>
    </ClInclude>
    <ClInclude Include="..\SCMOClassCache.h">
      <Filter>Header Files</Filter>
    </ClInclude>
    <ClInclude Include="..\SCMODump.h">
      <Filter>Header Files</Filter>
    </ClInclude>
    <ClInclude Include="..\SCMOInstance.h">
      <Filter>Header Files</Filter>
    </ClInclude>
    <ClInclude Include="..\SCMOInternalXmlEncoder.h">
      <Filter>Header Files</Filter>
    </ClInclude>
    <ClInclude Include="..\SCMOStreamer.h">
      <Filter>Header Files</Filter>
    </ClInclude>
    <ClInclude Include="..\SCMOXmlWriter.h">
      <Filter>Header Files</Filter>
    </ClInclude>
    <ClInclude Include="..\Semaphore.h">
      <Filter>Header Files</Filter>
    </ClInclude>
    <ClInclude Include="..\Sharable.h">
      <Filter>Header Files</Filter>
    </ClInclude>
    <ClInclude Include="..\SharedPtr.h">
      <Filter>Header Files</Filter>
    </ClInclude>
    <ClInclude Include="..\Signal.h">
      <Filter>Header Files</Filter>
    </ClInclude>
    <ClInclude Include="..\Socket.h">
      <Filter>Header Files</Filter>
    </ClInclude>
    <ClInclude Include="..\SocketzOS_inline.h">
      <Filter>Header Files</Filter>
    </ClInclude>
    <ClInclude Include="..\SpinLock.h">
      <Filter>Header Files</Filter>
    </ClInclude>
    <ClInclude Include="..\SSLContext.h">
      <Filter>Header Files</Filter>
    </ClInclude>
    <ClInclude Include="..\SSLContextRep.h">
      <Filter>Header Files</Filter>
    </ClInclude>
    <ClInclude Include="..\Stack.h">
      <Filter>Header Files</Filter>
    </ClInclude>
    <ClInclude Include="..\StatisticalData.h">
      <Filter>Header Files</Filter>
    </ClInclude>
    <ClInclude Include="..\String.h">
      <Filter>Header Files</Filter>
    </ClInclude>
    <ClInclude Include="..\StringConversion.h">
      <Filter>Header Files</Filter>
    </ClInclude>
    <ClInclude Include="..\StringInline.h">
      <Filter>Header Files</Filter>
    </ClInclude>
    <ClInclude Include="..\StringRep.h">
      <Filter>Header Files</Filter>
    </ClInclude>
    <ClInclude Include="..\StrLit.h">
      <Filter>Header Files</Filter>
    </ClInclude>
    <ClInclude Include="..\System.h">
      <Filter>Header Files</Filter>
    </ClInclude>
    <ClInclude Include="..\Thread.h">
      <Filter>Header Files</Filter>
    </ClInclude>
    <ClInclude Include="..\ThreadPool.h">
      <Filter>Header Files</Filter>
    </ClInclude>
    <ClInclude Include="..\Threads.h">
      <Filter>Header Files</Filter>
    </ClInclude>
    <ClInclude Include="..\Time.h">
      <Filter>Header Files</Filter>
    </ClInclude>
    <ClInclude Include="..\TimeValue.h">
      <Filter>Header Files</Filter>
    </ClInclude>
    <ClInclude Include="..\TLS.h">
      <Filter>Header Files</Filter>
    </ClInclude>
    <ClInclude Include="..\TraceFileHandler.h">
      <Filter>Header Files</Filter>
    </ClInclude>
    <ClInclude Include="..\TraceHandler.h">
      <Filter>Header Files</Filter>
    </ClInclude>
    <ClInclude Include="..\TraceLogHandler.h">
      <Filter>Header Files</Filter>
    </ClInclude>
    <ClInclude Include="..\TraceMemoryHandler.h">
      <Filter>Header Files</Filter>
    </ClInclude>
    <ClInclude Include="..\Tracer.h">
      <Filter>Header Files</Filter>
    </ClInclude>
    <ClInclude Include="..\TSDKey.h">
      <Filter>Header Files</Filter>
    </ClInclude>
    <ClInclude Include="..\UintArgs.h">
      <Filter>Header Files</Filter>
    </ClInclude>
    <ClInclude Include="..\UintArgsRep.h">
      <Filter>Header Files</Filter>
    </ClInclude>
    <ClInclude Include="..\Union.h">
      <Filter>Header Files</Filter>
    </ClInclude>
    <ClInclude Include="..\XmlConstants.h">
      <Filter>Header Files</Filter>
    </ClInclude>
    <ClInclude Include="..\XmlGenerator.h">
      <Filter>Header Files</Filter>
    </ClInclude>
    <ClInclude Include="..\XmlParser.h">
      <Filter>Header Files</Filter>
    </ClInclude>
    <ClInclude Include="..\XmlReader.h">
      <Filter>Header Files</Filter>
    </ClInclude>
  </ItemGroup>
  <ItemGroup>
    <ClCompile Include="..\AcceptLanguageList.cpp">
      <Filter>Source Files</Filter>
    </ClCompile>
    <ClCompile Include="..\AnonymousPipe.cpp">
      <Filter>Source Files</Filter>
    </ClCompile>
    <ClCompile Include="..\AnonymousPipeWindows.cpp">
      <Filter>Source Files</Filter>
    </ClCompile>
    <ClCompile Include="..\Array.cpp">
      <Filter>Source Files</Filter>
    </ClCompile>
    <ClCompile Include="..\AsyncOpNode.cpp">
      <Filter>Source Files</Filter>
    </ClCompile>
    <ClCompile Include="..\AsyncQueue.cpp">
      <Filter>Source Files</Filter>
    </ClCompile>
    <ClCompile Include="..\AsyncRequestExecutor.cpp">
      <Filter>Source Files</Filter>
    </ClCompile>
    <ClCompile Include="..\AtomicInt.cpp">
      <Filter>Source Files</Filter>
    </ClCompile>
    <ClCompile Include="..\Attribute.cpp">
      <Filter>Source Files</Filter>
    </ClCompile>
    <ClCompile Include="..\AuditLogger.cpp">
      <Filter>Source Files</Filter>
    </ClCompile>
    <ClCompile Include="..\AuditLoggerToLog.cpp">
      <Filter>Source Files</Filter>
    </ClCompile>
    <ClCompile Include="..\AuditLoggerToSMF.cpp">
      <Filter>Source Files</Filter>
    </ClCompile>
    <ClCompile Include="..\AuthenticationInfoRep.cpp">
      <Filter>Source Files</Filter>
    </ClCompile>
    <ClCompile Include="..\AuthHandle.cpp">
      <Filter>Source Files</Filter>
    </ClCompile>
    <ClCompile Include="..\Base64.cpp">
      <Filter>Source Files</Filter>
    </ClCompile>
    <ClCompile Include="..\BinaryCodec.cpp">
      <Filter>Source Files</Filter>
    </ClCompile>
    <ClCompile Include="..\Buffer.cpp">
      <Filter>Source Files</Filter>
    </ClCompile>
    <ClCompile Include="..\Char16.cpp">
      <Filter>Source Files</Filter>
    </ClCompile>
    <ClCompile Include="..\Char16Inline.cpp">
      <Filter>Source Files</Filter>
    </ClCompile>
    <ClCompile Include="..\CharSet.cpp">
      <Filter>Source Files</Filter>
    </ClCompile>
    <ClCompile Include="..\CIMBinMsgDeserializer.cpp">
      <Filter>Source Files</Filter>
    </ClCompile>
    <ClCompile Include="..\CIMBinMsgSerializer.cpp">
      <Filter>Source Files</Filter>
    </ClCompile>
    <ClCompile Include="..\CIMBuffer.cpp">
      <Filter>Source Files</Filter>
    </ClCompile>
    <ClCompile Include="..\CIMClass.cpp">
      <Filter>Source Files</Filter>
    </ClCompile>
    <ClCompile Include="..\CIMClassRep.cpp">
      <Filter>Source Files</Filter>
    </ClCompile>
    <ClCompile Include="..\CIMDateTime.cpp">
      <Filter>Source Files</Filter>
    </ClCompile>
    <ClCompile Include="..\CIMFlavor.cpp">
      <Filter>Source Files</Filter>
    </ClCompile>
    <ClCompile Include="..\CIMInstance.cpp">
      <Filter>Source Files</Filter>
    </ClCompile>
    <ClCompile Include="..\CIMInstanceRep.cpp">
      <Filter>Source Files</Filter>
    </ClCompile>
    <ClCompile Include="..\CIMInternalXmlEncoder.cpp">
      <Filter>Source Files</Filter>
    </ClCompile>
    <ClCompile Include="..\CIMMessage.cpp">
      <Filter>Source Files</Filter>
    </ClCompile>
    <ClCompile Include="..\CIMMethod.cpp">
      <Filter>Source Files</Filter>
    </ClCompile>
    <ClCompile Include="..\CIMMethodRep.cpp">
      <Filter>Source Files</Filter>
    </ClCompile>
    <ClCompile Include="..\CIMName.cpp">
      <Filter>Source Files</Filter>
    </ClCompile>
    <ClCompile Include="..\CIMNameInline.cpp">
      <Filter>Source Files</Filter>
    </ClCompile>
    <ClCompile Include="..\CIMObject.cpp">
      <Filter>Source Files</Filter>
    </ClCompile>
    <ClCompile Include="..\CIMObjectPath.cpp">
      <Filter>Source Files</Filter>
    </ClCompile>
    <ClCompile Include="..\CIMObjectRep.cpp">
      <Filter>Source Files</Filter>
    </ClCompile>
    <ClCompile Include="..\Cimom.cpp">
      <Filter>Source Files</Filter>
    </ClCompile>
    <ClCompile Include="..\CimomMessage.cpp">
      <Filter>Source Files</Filter>
    </ClCompile>
    <ClCompile Include="..\CIMParameter.cpp">
      <Filter>Source Files</Filter>
    </ClCompile>
    <ClCompile Include="..\CIMParameterRep.cpp">
      <Filter>Source Files</Filter>
    </ClCompile>
    <ClCompile Include="..\CIMParamValue.cpp">
      <Filter>Source Files</Filter>
    </ClCompile>
    <ClCompile Include="..\CIMParamValueRep.cpp">
      <Filter>Source Files</Filter>
    </ClCompile>
    <ClCompile Include="..\CIMProperty.cpp">
      <Filter>Source Files</Filter>
    </ClCompile>
    <ClCompile Include="..\CIMPropertyList.cpp">
      <Filter>Source Files</Filter>
    </ClCompile>
    <ClCompile Include="..\CIMPropertyRep.cpp">
      <Filter>Source Files</Filter>
    </ClCompile>
    <ClCompile Include="..\CIMQualifier.cpp">
      <Filter>Source Files</Filter>
    </ClCompile>
    <ClCompile Include="..\CIMQualifierDecl.cpp">
      <Filter>Source Files</Filter>
    </ClCompile>
    <ClCompile Include="..\CIMQualifierDeclRep.cpp">
      <Filter>Source Files</Filter>
    </ClCompile>
    <ClCompile Include="..\CIMQualifierList.cpp">
      <Filter>Source Files</Filter>
    </ClCompile>
    <ClCompile Include="..\CIMQualifierNames.cpp">
      <Filter>Source Files</Filter>
    </ClCompile>
    <ClCompile Include="..\CIMQualifierRep.cpp">
      <Filter>Source Files</Filter>
    </ClCompile>
    <ClCompile Include="..\CIMResponseData.cpp">
      <Filter>Source Files</Filter>
    </ClCompile>
    <ClCompile Include="..\CIMScope.cpp">
      <Filter>Source Files</Filter>
    </ClCompile>
    <ClCompile Include="..\CIMServerDescription.cpp">
      <Filter>Source Files</Filter>
    </ClCompile>
    <ClCompile Include="..\CIMStatusCode.cpp">
      <Filter>Source Files</Filter>
    </ClCompile>
    <ClCompile Include="..\CIMType.cpp">
      <Filter>Source Files</Filter>
    </ClCompile>
    <ClCompile Include="..\CIMValue.cpp">
      <Filter>Source Files</Filter>
    </ClCompile>
    <ClCompile Include="..\CIMValueInline.cpp">
      <Filter>Source Files</Filter>
    </ClCompile>
    <ClCompile Include="..\CommonUTF.cpp">
      <Filter>Source Files</Filter>
    </ClCompile>
    <ClCompile Include="..\Condition.cpp">
      <Filter>Source Files</Filter>
    </ClCompile>
    <ClCompile Include="..\Config.cpp">
      <Filter>Source Files</Filter>
    </ClCompile>
    <ClCompile Include="..\Constants.cpp">
      <Filter>Source Files</Filter>
    </ClCompile>
    <ClCompile Include="..\ContentLanguageList.cpp">
      <Filter>Source Files</Filter>
    </ClCompile>
    <ClCompile Include="..\DeclContext.cpp">
      <Filter>Source Files</Filter>
    </ClCompile>
    <ClCompile Include="..\Dir.cpp">
      <Filter>Source Files</Filter>
    </ClCompile>
    <ClCompile Include="..\DirWindows.cpp">
      <Filter>Source Files</Filter>
    </ClCompile>
    <ClCompile Include="..\Exception.cpp">
      <Filter>Source Files</Filter>
    </ClCompile>
    <ClCompile Include="..\Executor.cpp">
      <Filter>Source Files</Filter>
    </ClCompile>
    <ClCompile Include="..\FileSystem.cpp">
      <Filter>Source Files</Filter>
    </ClCompile>
    <ClCompile Include="..\Formatter.cpp">
      <Filter>Source Files</Filter>
    </ClCompile>
    <ClCompile Include="..\HashTable.cpp">
      <Filter>Source Files</Filter>
    </ClCompile>
    <ClCompile Include="..\HostAddress.cpp">
      <Filter>Source Files</Filter>
    </ClCompile>
    <ClCompile Include="..\HostLocator.cpp">
      <Filter>Source Files</Filter>
    </ClCompile>
    <ClCompile Include="..\HTTPAcceptor.cpp">
      <Filter>Source Files</Filter>
    </ClCompile>
    <ClCompile Include="..\HTTPConnection.cpp">
      <Filter>Source Files</Filter>
    </ClCompile>
    <ClCompile Include="..\HTTPConnector.cpp">
      <Filter>Source Files</Filter>
    </ClCompile>
    <ClCompile Include="..\HTTPMessage.cpp">
      <Filter>Source Files</Filter>
    </ClCompile>
    <ClCompile Include="..\IDFactory.cpp">
      <Filter>Source Files</Filter>
    </ClCompile>
    <ClCompile Include="..\IndicationRouter.cpp">
      <Filter>Source Files</Filter>
    </ClCompile>
    <ClCompile Include="..\InternalException.cpp">
      <Filter>Source Files</Filter>
    </ClCompile>
    <ClCompile Include="..\LanguageParser.cpp">
      <Filter>Source Files</Filter>
    </ClCompile>
    <ClCompile Include="..\LanguageTag.cpp">
      <Filter>Source Files</Filter>
    </ClCompile>
    <ClCompile Include="..\List.cpp">
      <Filter>Source Files</Filter>
    </ClCompile>
    <ClCompile Include="..\Logger.cpp">
      <Filter>Source Files</Filter>
    </ClCompile>
    <ClCompile Include="..\Magic.cpp">
      <Filter>Source Files</Filter>
    </ClCompile>
    <ClCompile Include="..\Memory.cpp">
      <Filter>Source Files</Filter>
    </ClCompile>
    <ClCompile Include="..\Message.cpp">
      <Filter>Source Files</Filter>
    </ClCompile>
    <ClCompile Include="..\MessageLoader.cpp">
      <Filter>Source Files</Filter>
    </ClCompile>
    <ClCompile Include="..\MessageQueue.cpp">
      <Filter>Source Files</Filter>
    </ClCompile>
    <ClCompile Include="..\MessageQueueService.cpp">
      <Filter>Source Files</Filter>
    </ClCompile>
    <ClCompile Include="..\ModuleController.cpp">
      <Filter>Source Files</Filter>
    </ClCompile>
    <ClCompile Include="..\Monitor.cpp">
      <Filter>Source Files</Filter>
    </ClCompile>
    <ClCompile Include="..\Mutex.cpp">
      <Filter>Source Files</Filter>
    </ClCompile>
    <ClCompile Include="..\ObjectNormalizer.cpp">
      <Filter>Source Files</Filter>
    </ClCompile>
    <ClCompile Include="..\Once.cpp">
      <Filter>Source Files</Filter>
    </ClCompile>
    <ClCompile Include="..\OperationContext.cpp">
      <Filter>Source Files</Filter>
    </ClCompile>
    <ClCompile Include="..\OperationContextInternal.cpp">
      <Filter>Source Files</Filter>
    </ClCompile>
    <ClCompile Include="..\Pair.cpp">
      <Filter>Source Files</Filter>
    </ClCompile>
    <ClCompile Include="..\Print.cpp">
      <Filter>Source Files</Filter>
    </ClCompile>
    <ClCompile Include="..\QueryExpressionRep.cpp">
      <Filter>Source Files</Filter>
    </ClCompile>
    <ClCompile Include="..\ReadWriteSem.cpp">
      <Filter>Source Files</Filter>
    </ClCompile>
    <ClCompile Include="..\Resolver.cpp">
      <Filter>Source Files</Filter>
    </ClCompile>
    <ClCompile Include="..\ResponseHandler.cpp">
      <Filter>Source Files</Filter>
    </ClCompile>
    <ClCompile Include="..\ResponseHandlerRep.cpp">
      <Filter>Source Files</Filter>
    </ClCompile>
    <ClCompile Include="..\SCMO.cpp">
      <Filter>Source Files</Filter>
    </ClCompile>
    <ClCompile Include="..\SCMOClassCache.cpp">
      <Filter>Source Files</Filter>
    </ClCompile>
    <ClCompile Include="..\SCMOInternalXmlEncoder.cpp">
      <Filter>Source Files</Filter>
    </ClCompile>
    <ClCompile Include="..\SCMOStreamer.cpp">
      <Filter>Source Files</Filter>
    </ClCompile>
    <ClCompile Include="..\SCMOXmlWriter.cpp">
      <Filter>Source Files</Filter>
    </ClCompile>
    <ClCompile Include="..\Semaphore.cpp">
      <Filter>Source Files</Filter>
    </ClCompile>
    <ClCompile Include="..\Sharable.cpp">
      <Filter>Source Files</Filter>
    </ClCompile>
    <ClCompile Include="..\Signal.cpp">
      <Filter>Source Files</Filter>
    </ClCompile>
    <ClCompile Include="..\Socket.cpp">
      <Filter>Source Files</Filter>
    </ClCompile>
    <ClCompile Include="..\SpinLock.cpp">
      <Filter>Source Files</Filter>
    </ClCompile>
    <ClCompile Include="..\SSLContext.cpp">
      <Filter>Source Files</Filter>
    </ClCompile>
    <ClCompile Include="..\Stack.cpp">
      <Filter>Source Files</Filter>
    </ClCompile>
    <ClCompile Include="..\StatisticalData.cpp">
      <Filter>Source Files</Filter>
    </ClCompile>
    <ClCompile Include="..\String.cpp">
      <Filter>Source Files</Filter>
    </ClCompile>
    <ClCompile Include="..\StringConversion.cpp">
      <Filter>Source Files</Filter>
    </ClCompile>
    <ClCompile Include="..\StringInline.cpp">
      <Filter>Source Files</Filter>
    </ClCompile>
    <ClCompile Include="..\System.cpp">
      <Filter>Source Files</Filter>
    </ClCompile>
    <ClCompile Include="..\SystemWindows.cpp">
      <Filter>Source Files</Filter>
    </ClCompile>
    <ClCompile Include="..\Thread.cpp">
      <Filter>Source Files</Filter>
    </ClCompile>
    <ClCompile Include="..\ThreadPool.cpp">
      <Filter>Source Files</Filter>
    </ClCompile>
    <ClCompile Include="..\Threads.cpp">
      <Filter>Source Files</Filter>
    </ClCompile>
    <ClCompile Include="..\Time.cpp">
      <Filter>Source Files</Filter>
    </ClCompile>
    <ClCompile Include="..\TimeValue.cpp">
      <Filter>Source Files</Filter>
    </ClCompile>
    <ClCompile Include="..\TLS.cpp">
      <Filter>Source Files</Filter>
    </ClCompile>
    <ClCompile Include="..\TraceFileHandler.cpp">
      <Filter>Source Files</Filter>
    </ClCompile>
    <ClCompile Include="..\TraceFileHandlerWindows.cpp">
      <Filter>Source Files</Filter>
    </ClCompile>
    <ClCompile Include="..\TraceLogHandler.cpp">
      <Filter>Source Files</Filter>
    </ClCompile>
    <ClCompile Include="..\TraceMemoryHandler.cpp">
      <Filter>Source Files</Filter>
    </ClCompile>
    <ClCompile Include="..\Tracer.cpp">
      <Filter>Source Files</Filter>
    </ClCompile>
    <ClCompile Include="..\TSDKey.cpp">
      <Filter>Source Files</Filter>
    </ClCompile>
    <ClCompile Include="..\UintArgs.cpp">
      <Filter>Source Files</Filter>
    </ClCompile>
    <ClCompile Include="..\Union.cpp">
      <Filter>Source Files</Filter>
    </ClCompile>
    <ClCompile Include="..\XmlGenerator.cpp">
      <Filter>Source Files</Filter>
    </ClCompile>
    <ClCompile Include="..\XmlParser.cpp">
      <Filter>Source Files</Filter>
    </ClCompile>
    <ClCompile Include="..\XmlReader.cpp">
      <Filter>Source Files</Filter>
    </ClCompile>
    <ClCompile Include="..\XmlWriter.cpp">
      <Filter>Source Files</Filter>
    </ClCompile>
  </ItemGroup>
  <ItemGroup>
    <None Include="..\LoadAndClearWord_HPUX_PARISC_ACC.s" />
    <None Include="..\Makefile" />
    <None Include="..\PegCommon.dspx" />
  </ItemGroup>
</Project>