<?xml version="1.0" encoding="utf-8"?>
<Project ToolsVersion="4.0" xmlns="http://schemas.microsoft.com/developer/msbuild/2003">
  <ItemGroup>
    <Filter Include="Source Files">
      <UniqueIdentifier>{8f08331c-8074-45f8-9ac3-0861c85b3074}</UniqueIdentifier>
      <Extensions>cpp;c;cxx;rc;def;r;odl;idl;hpj;bat</Extensions>
    </Filter>
    <Filter Include="Header Files">
      <UniqueIdentifier>{81452911-db51-4d53-82d4-9c0d6a4dd663}</UniqueIdentifier>
      <Extensions>h;hpp;hxx;hm;inl</Extensions>
    </Filter>
    <Filter Include="Resource Files">
      <UniqueIdentifier>{9f5f8e1a-9293-459b-a0de-4daa508e3103}</UniqueIdentifier>
      <Extensions>ico;cur;bmp;dlg;rc2;rct;bin;rgs;gif;jpg;jpeg;jpe</Extensions>
    </Filter>
  </ItemGroup>
  <ItemGroup>
    <ClCompile Include="..\AuthenticationManager.cpp">
      <Filter>Source Files</Filter>
    </ClCompile>
    <ClCompile Include="..\BasicAuthenticationHandler.cpp">
      <Filter>Source Files</Filter>
    </ClCompile>
    <ClCompile Include="..\LocalAuthenticationHandler.cpp">
      <Filter>Source Files</Filter>
    </ClCompile>
    <ClCompile Include="..\LocalAuthFile.cpp">
      <Filter>Source Files</Filter>
    </ClCompile>
    <ClCompile Include="..\PAMBasicAuthenticator.cpp">
      <Filter>Source Files</Filter>
    </ClCompile>
    <ClCompile Include="..\SecureBasicAuthenticator.cpp">
      <Filter>Source Files</Filter>
    </ClCompile>
    <ClCompile Include="..\SecureLocalAuthenticator.cpp">
      <Filter>Source Files</Filter>
    </ClCompile>
  </ItemGroup>
  <ItemGroup>
    <ClInclude Include="..\PAMBasicAuthenticator.h">
      <Filter>Source Files</Filter>
    </ClInclude>
    <ClInclude Include="..\AuthenticationManager.h">
      <Filter>Header Files</Filter>
    </ClInclude>
    <ClInclude Include="..\Authenticator.h">
      <Filter>Header Files</Filter>
    </ClInclude>
    <ClInclude Include="..\BasicAuthenticationHandler.h">
      <Filter>Header Files</Filter>
    </ClInclude>
    <ClInclude Include="..\BasicAuthenticator.h">
      <Filter>Header Files</Filter>
    </ClInclude>
    <ClInclude Include="..\Linkage.h">
      <Filter>Header Files</Filter>
    </ClInclude>
    <ClInclude Include="..\LocalAuthenticationHandler.h">
      <Filter>Header Files</Filter>
    </ClInclude>
    <ClInclude Include="..\LocalAuthenticator.h">
      <Filter>Header Files</Filter>
    </ClInclude>
    <ClInclude Include="..\LocalAuthFile.h">
      <Filter>Header Files</Filter>
    </ClInclude>
    <ClInclude Include="..\SecureBasicAuthenticator.h">
      <Filter>Header Files</Filter>
    </ClInclude>
    <ClInclude Include="..\SecureLocalAuthenticator.h">
      <Filter>Header Files</Filter>
    </ClInclude>
  </ItemGroup>
</Project>