<?xml version="1.0" encoding="utf-8"?>
<Project ToolsVersion="4.0" xmlns="http://schemas.microsoft.com/developer/msbuild/2003">
  <ItemGroup>
    <Filter Include="Source Files">
      <UniqueIdentifier>{0c096bc7-e185-4c70-a2b8-98304117450a}</UniqueIdentifier>
      <Extensions>cpp;c;cxx;rc;def;r;odl;idl;hpj;bat</Extensions>
    </Filter>
    <Filter Include="Header Files">
      <UniqueIdentifier>{6fd0c0b2-bd93-4b53-b039-165908a558bc}</UniqueIdentifier>
      <Extensions>h;hpp;hxx;hm;inl</Extensions>
    </Filter>
    <Filter Include="Resource Files">
      <UniqueIdentifier>{f4e1b930-9691-4c78-9584-b31c4111767d}</UniqueIdentifier>
      <Extensions>ico;cur;bmp;dlg;rc2;rct;bin;rgs;gif;jpg;jpeg;jpe</Extensions>
    </Filter>
  </ItemGroup>
  <ItemGroup>
    <ClCompile Include="..\CIMAssociationProvider.cpp">
      <Filter>Source Files</Filter>
    </ClCompile>
    <ClCompile Include="..\CIMClassProvider.cpp">
      <Filter>Source Files</Filter>
    </ClCompile>
    <ClCompile Include="..\CIMIndicationConsumerProvider.cpp">
      <Filter>Source Files</Filter>
    </ClCompile>
    <ClCompile Include="..\CIMIndicationProvider.cpp">
      <Filter>Source Files</Filter>
    </ClCompile>
    <ClCompile Include="..\CIMInstanceProvider.cpp">
      <Filter>Source Files</Filter>
    </ClCompile>
    <ClCompile Include="..\CIMMethodProvider.cpp">
      <Filter>Source Files</Filter>
    </ClCompile>
    <ClCompile Include="..\CIMOMHandle.cpp">
      <Filter>Source Files</Filter>
    </ClCompile>
    <ClCompile Include="..\CIMPropertyProvider.cpp">
      <Filter>Source Files</Filter>
    </ClCompile>
    <ClCompile Include="..\CIMProvider.cpp">
      <Filter>Source Files</Filter>
    </ClCompile>
    <ClCompile Include="..\CIMQueryProvider.cpp">
      <Filter>Source Files</Filter>
    </ClCompile>
    <ClCompile Include="..\ProviderException.cpp">
      <Filter>Source Files</Filter>
    </ClCompile>
  </ItemGroup>
  <ItemGroup>
    <ClInclude Include="..\CIMAssociationProvider.h">
      <Filter>Header Files</Filter>
    </ClInclude>
    <ClInclude Include="..\CIMClassProvider.h">
      <Filter>Header Files</Filter>
    </ClInclude>
    <ClInclude Include="..\CIMIndicationConsumerProvider.h">
      <Filter>Header Files</Filter>
    </ClInclude>
    <ClInclude Include="..\CIMIndicationProvider.h">
      <Filter>Header Files</Filter>
    </ClInclude>
    <ClInclude Include="..\CIMInstanceProvider.h">
      <Filter>Header Files</Filter>
    </ClInclude>
    <ClInclude Include="..\CIMMethodProvider.h">
      <Filter>Header Files</Filter>
    </ClInclude>
    <ClInclude Include="..\CIMOMHandle.h">
      <Filter>Header Files</Filter>
    </ClInclude>
    <ClInclude Include="..\CIMPropertyProvider.h">
      <Filter>Header Files</Filter>
    </ClInclude>
    <ClInclude Include="..\CIMProvider.h">
      <Filter>Header Files</Filter>
    </ClInclude>
    <ClInclude Include="..\CIMQueryProvider.h">
      <Filter>Header Files</Filter>
    </ClInclude>
    <ClInclude Include="..\ProviderException.h">
      <Filter>Header Files</Filter>
    </ClInclude>
    <ClInclude Include="..\ResponseHandlerRep.h">
      <Filter>Header Files</Filter>
    </ClInclude>
  </ItemGroup>
</Project>