<?xml version="1.0" encoding="utf-8"?>
<Project ToolsVersion="4.0" xmlns="http://schemas.microsoft.com/developer/msbuild/2003">
  <ItemGroup>
    <Filter Include="Source Files">
      <UniqueIdentifier>{492ebad1-d6a2-457a-aeb3-3154dd7d1b0d}</UniqueIdentifier>
      <Extensions>cpp;c;cxx;rc;def;r;odl;idl;hpj;bat</Extensions>
    </Filter>
    <Filter Include="Header Files">
      <UniqueIdentifier>{64e16d41-e28d-4b2a-b5d8-ce510025087f}</UniqueIdentifier>
      <Extensions>h;hpp;hxx;hm;inl</Extensions>
    </Filter>
    <Filter Include="Resource Files">
      <UniqueIdentifier>{7dd5ae19-e486-4315-b02f-1ed3240ed38f}</UniqueIdentifier>
      <Extensions>ico;cur;bmp;dlg;rc2;rct;bin;rgs;gif;jpg;jpeg;jpe</Extensions>
    </Filter>
  </ItemGroup>
  <ItemGroup>
    <ClCompile Include="cimmof_lex_wrapper.cpp">
      <Filter>Source Files</Filter>
    </ClCompile>
    <ClCompile Include="cimmof_tab_wrapper.cpp">
      <Filter>Source Files</Filter>
    </ClCompile>
    <ClCompile Include="cimmofClient.cpp">
      <Filter>Source Files</Filter>
    </ClCompile>
    <ClCompile Include="cimmofMessages.cpp">
      <Filter>Source Files</Filter>
    </ClCompile>
    <ClCompile Include="cimmofParser.cpp">
      <Filter>Source Files</Filter>
    </ClCompile>
    <ClCompile Include="cimmofRepository.cpp">
      <Filter>Source Files</Filter>
    </ClCompile>
    <ClCompile Include="cimmofRepositoryInterface.cpp">
      <Filter>Source Files</Filter>
    </ClCompile>
    <ClCompile Include="compilerDeclContext.cpp">
      <Filter>Source Files</Filter>
    </ClCompile>
    <ClCompile Include="objname.cpp">
      <Filter>Source Files</Filter>
    </ClCompile>
    <ClCompile Include="parser.cpp">
      <Filter>Source Files</Filter>
    </ClCompile>
    <ClCompile Include="qualifierList.cpp">
      <Filter>Source Files</Filter>
    </ClCompile>
    <ClCompile Include="valueFactory.cpp">
      <Filter>Source Files</Filter>
    </ClCompile>
  </ItemGroup>
  <ItemGroup>
    <ClInclude Include="cimmof_tab.h">
      <Filter>Header Files</Filter>
    </ClInclude>
    <ClInclude Include="cimmofClient.h">
      <Filter>Header Files</Filter>
    </ClInclude>
    <ClInclude Include="cimmofMessages.h">
      <Filter>Header Files</Filter>
    </ClInclude>
    <ClInclude Include="cimmofParser.h">
      <Filter>Header Files</Filter>
    </ClInclude>
    <ClInclude Include="cimmofRepository.h">
      <Filter>Header Files</Filter>
    </ClInclude>
    <ClInclude Include="cimmofRepositoryInterface.h">
      <Filter>Header Files</Filter>
    </ClInclude>
    <ClInclude Include="compilerCommonDefs.h">
      <Filter>Header Files</Filter>
    </ClInclude>
    <ClInclude Include="compilerDeclContext.h">
      <Filter>Header Files</Filter>
    </ClInclude>
    <ClInclude Include="memobjs.h">
      <Filter>Header Files</Filter>
    </ClInclude>
    <ClInclude Include="mofCompilerOptions.h">
      <Filter>Header Files</Filter>
    </ClInclude>
    <ClInclude Include="objname.h">
      <Filter>Header Files</Filter>
    </ClInclude>
    <ClInclude Include="parser.h">
      <Filter>Header Files</Filter>
    </ClInclude>
    <ClInclude Include="parserExceptions.h">
      <Filter>Header Files</Filter>
    </ClInclude>
    <ClInclude Include="qualifierList.h">
      <Filter>Header Files</Filter>
    </ClInclude>
    <ClInclude Include="valueFactory.h">
      <Filter>Header Files</Filter>
    </ClInclude>
  </ItemGroup>
</Project>