<?xml version="1.0" encoding="utf-8"?>
<Project ToolsVersion="4.0" xmlns="http://schemas.microsoft.com/developer/msbuild/2003">
  <ItemGroup>
    <Filter Include="Source Files">
      <UniqueIdentifier>{fb4b90a4-01c5-4211-82d1-faf16d9b3514}</UniqueIdentifier>
      <Extensions>cpp;c;cxx;rc;def;r;odl;idl;hpj;bat</Extensions>
    </Filter>
    <Filter Include="Header Files">
      <UniqueIdentifier>{5fb9a451-37b1-4c6f-9690-ff999ab9e30c}</UniqueIdentifier>
      <Extensions>h;hpp;hxx;hm;inl</Extensions>
    </Filter>
    <Filter Include="Resource Files">
      <UniqueIdentifier>{1318aa1f-f31e-4871-8a05-d5759b5b4623}</UniqueIdentifier>
      <Extensions>ico;cur;bmp;dlg;rc2;rct;bin;rgs;gif;jpg;jpeg;jpe</Extensions>
    </Filter>
  </ItemGroup>
  <ItemGroup>
    <ClCompile Include="..\ConfigExceptions.cpp">
      <Filter>Source Files</Filter>
    </ClCompile>
    <ClCompile Include="..\ConfigFile.cpp">
      <Filter>Source Files</Filter>
    </ClCompile>
    <ClCompile Include="..\ConfigFileHandler.cpp">
      <Filter>Source Files</Filter>
    </ClCompile>
    <ClCompile Include="..\ConfigManager.cpp">
      <Filter>Source Files</Filter>
    </ClCompile>
    <ClCompile Include="..\ConfigPropertyOwner.cpp">
      <Filter>Source Files</Filter>
    </ClCompile>
    <ClCompile Include="..\DefaultPropertyOwner.cpp">
      <Filter>Source Files</Filter>
    </ClCompile>
    <ClCompile Include="..\FileSystemPropertyOwner.cpp">
      <Filter>Source Files</Filter>
    </ClCompile>
    <ClCompile Include="..\LogPropertyOwner.cpp">
      <Filter>Source Files</Filter>
    </ClCompile>
    <ClCompile Include="..\RepositoryPropertyOwner.cpp">
      <Filter>Source Files</Filter>
    </ClCompile>
    <ClCompile Include="..\SecurityPropertyOwner.cpp">
      <Filter>Source Files</Filter>
    </ClCompile>
    <ClCompile Include="..\ShutdownPropertyOwner.cpp">
      <Filter>Source Files</Filter>
    </ClCompile>
    <ClCompile Include="..\TracePropertyOwner.cpp">
      <Filter>Source Files</Filter>
    </ClCompile>
  </ItemGroup>
  <ItemGroup>
    <ClInclude Include="..\ConfigExceptions.h">
      <Filter>Header Files</Filter>
    </ClInclude>
    <ClInclude Include="..\ConfigFile.h">
      <Filter>Header Files</Filter>
    </ClInclude>
    <ClInclude Include="..\ConfigFileDir.h">
      <Filter>Header Files</Filter>
    </ClInclude>
    <ClInclude Include="..\ConfigFileHandler.h">
      <Filter>Header Files</Filter>
    </ClInclude>
    <ClInclude Include="..\ConfigManager.h">
      <Filter>Header Files</Filter>
    </ClInclude>
    <ClInclude Include="..\ConfigPropertyOwner.h">
      <Filter>Header Files</Filter>
    </ClInclude>
    <ClInclude Include="..\DefaultPropertyOwner.h">
      <Filter>Header Files</Filter>
    </ClInclude>
    <ClInclude Include="..\DefaultPropertyTable.h">
      <Filter>Header Files</Filter>
    </ClInclude>
    <ClInclude Include="..\FileSystemPropertyOwner.h">
      <Filter>Header Files</Filter>
    </ClInclude>
    <ClInclude Include="..\FixedPropertyTable.h">
      <Filter>Header Files</Filter>
    </ClInclude>
    <ClInclude Include="..\Linkage.h">
      <Filter>Header Files</Filter>
    </ClInclude>
    <ClInclude Include="..\LogPropertyOwner.h">
      <Filter>Header Files</Filter>
    </ClInclude>
    <ClInclude Include="..\RepositoryPropertyOwner.h">
      <Filter>Header Files</Filter>
    </ClInclude>
    <ClInclude Include="..\SecurityPropertyOwner.h">
      <Filter>Header Files</Filter>
    </ClInclude>
    <ClInclude Include="..\ShutdownPropertyOwner.h">
      <Filter>Header Files</Filter>
    </ClInclude>
    <ClInclude Include="..\TracePropertyOwner.h">
      <Filter>Header Files</Filter>
    </ClInclude>
  </ItemGroup>
</Project>