<?xml version="1.0" encoding="utf-8"?>
<Project ToolsVersion="4.0" xmlns="http://schemas.microsoft.com/developer/msbuild/2003">
  <ItemGroup>
    <Filter Include="Source Files">
      <UniqueIdentifier>{5fcba3a4-7415-4774-9f9c-97d9f538e7cf}</UniqueIdentifier>
      <Extensions>cpp;c;cxx;rc;def;r;odl;idl;hpj;bat</Extensions>
    </Filter>
    <Filter Include="Header Files">
      <UniqueIdentifier>{a4a6407e-318f-420d-ba12-fd9617845dc0}</UniqueIdentifier>
      <Extensions>h;hpp;hxx;hm;inl</Extensions>
    </Filter>
    <Filter Include="Resource Files">
      <UniqueIdentifier>{3600ae60-6f87-4b6a-9c76-474f5dafd196}</UniqueIdentifier>
      <Extensions>ico;cur;bmp;dlg;rc2;rct;bin;rgs;gif;jpg;jpeg;jpe</Extensions>
    </Filter>
  </ItemGroup>
  <ItemGroup>
    <ClCompile Include="..\CIMClient.cpp">
      <Filter>Source Files</Filter>
    </ClCompile>
    <ClCompile Include="..\CIMClientException.cpp">
      <Filter>Source Files</Filter>
    </ClCompile>
    <ClCompile Include="..\CIMClientRep.cpp">
      <Filter>Source Files</Filter>
    </ClCompile>
    <ClCompile Include="..\CIMOperationRequestEncoder.cpp">
      <Filter>Source Files</Filter>
    </ClCompile>
    <ClCompile Include="..\CIMOperationResponseDecoder.cpp">
      <Filter>Source Files</Filter>
    </ClCompile>
    <ClCompile Include="..\ClientAuthenticator.cpp">
      <Filter>Source Files</Filter>
    </ClCompile>
  </ItemGroup>
  <ItemGroup>
    <ClInclude Include="..\CIMClient.h">
      <Filter>Header Files</Filter>
    </ClInclude>
    <ClInclude Include="..\CIMClientException.h">
      <Filter>Header Files</Filter>
    </ClInclude>
    <ClInclude Include="..\CIMClientRep.h">
      <Filter>Header Files</Filter>
    </ClInclude>
    <ClInclude Include="..\CIMOperationRequestEncoder.h">
      <Filter>Header Files</Filter>
    </ClInclude>
    <ClInclude Include="..\CIMOperationResponseDecoder.h">
      <Filter>Header Files</Filter>
    </ClInclude>
    <ClInclude Include="..\ClientAuthenticator.h">
      <Filter>Header Files</Filter>
    </ClInclude>
    <ClInclude Include="..\Linkage.h">
      <Filter>Header Files</Filter>
    </ClInclude>
  </ItemGroup>
</Project>