<?xml version="1.0" encoding="utf-8"?>
<Project ToolsVersion="4.0" xmlns="http://schemas.microsoft.com/developer/msbuild/2003">
  <ItemGroup>
    <Filter Include="Source Files">
      <UniqueIdentifier>{0f4dd18b-5a47-432f-b7ce-24cdb0a6bab1}</UniqueIdentifier>
      <Extensions>cpp;c;cxx;rc;def;r;odl;idl;hpj;bat</Extensions>
    </Filter>
    <Filter Include="Header Files">
      <UniqueIdentifier>{98060bb8-a17e-41d4-8198-0d5d7a12c77e}</UniqueIdentifier>
      <Extensions>h;hpp;hxx;hm;inl</Extensions>
    </Filter>
    <Filter Include="Resource Files">
      <UniqueIdentifier>{9095762c-6583-4474-9397-21d0cd2feb84}</UniqueIdentifier>
      <Extensions>ico;cur;bmp;dlg;rc2;rct;bin;rgs;gif;jpg;jpeg;jpe</Extensions>
    </Filter>
  </ItemGroup>
  <ItemGroup>
    <ClCompile Include="..\WQLInstancePropertySource.cpp">
      <Filter>Source Files</Filter>
    </ClCompile>
    <ClCompile Include="..\WQLLEX.cpp">
      <Filter>Source Files</Filter>
    </ClCompile>
    <ClCompile Include="..\WQLOperand.cpp">
      <Filter>Source Files</Filter>
    </ClCompile>
    <ClCompile Include="..\WQLOperation.cpp">
      <Filter>Source Files</Filter>
    </ClCompile>
    <ClCompile Include="..\WQLParser.cpp">
      <Filter>Source Files</Filter>
    </ClCompile>
    <ClCompile Include="..\WQLParserState.cpp">
      <Filter>Source Files</Filter>
    </ClCompile>
    <ClCompile Include="..\WQLPropertySource.cpp">
      <Filter>Source Files</Filter>
    </ClCompile>
    <ClCompile Include="..\WQLQueryExpressionRep.cpp">
      <Filter>Source Files</Filter>
    </ClCompile>
    <ClCompile Include="..\WQLSelectStatement.cpp">
      <Filter>Source Files</Filter>
    </ClCompile>
    <ClCompile Include="..\WQLSimplePropertySource.cpp">
      <Filter>Source Files</Filter>
    </ClCompile>
    <ClCompile Include="..\WQLYACC.cpp">
      <Filter>Source Files</Filter>
    </ClCompile>
  </ItemGroup>
  <ItemGroup>
    <ClInclude Include="..\Linkage.h">
      <Filter>Header Files</Filter>
    </ClInclude>
    <ClInclude Include="..\WQLInstancePropertySource.h">
      <Filter>Header Files</Filter>
    </ClInclude>
    <ClInclude Include="..\WQLOperand.h">
      <Filter>Header Files</Filter>
    </ClInclude>
    <ClInclude Include="..\WQLOperation.h">
      <Filter>Header Files</Filter>
    </ClInclude>
    <ClInclude Include="..\WQLParser.h">
      <Filter>Header Files</Filter>
    </ClInclude>
    <ClInclude Include="..\WQLParserState.h">
      <Filter>Header Files</Filter>
    </ClInclude>
    <ClInclude Include="..\WQLPropertySource.h">
      <Filter>Header Files</Filter>
    </ClInclude>
    <ClInclude Include="..\WQLQueryExpressionRep.h">
      <Filter>Header Files</Filter>
    </ClInclude>
    <ClInclude Include="..\WQLSelectStatement.h">
      <Filter>Header Files</Filter>
    </ClInclude>
    <ClInclude Include="..\WQLSimplePropertySource.h">
      <Filter>Header Files</Filter>
    </ClInclude>
    <ClInclude Include="..\WQLYACC.h">
      <Filter>Header Files</Filter>
    </ClInclude>
  </ItemGroup>
</Project>