<?xml version="1.0" encoding="utf-8"?>
<Project ToolsVersion="4.0" xmlns="http://schemas.microsoft.com/developer/msbuild/2003">
  <ItemGroup>
    <Filter Include="Source Files">
      <UniqueIdentifier>{9363796e-090a-4e23-842e-250c21e0fe73}</UniqueIdentifier>
      <Extensions>cpp;c;cxx;rc;def;r;odl;idl;hpj;bat</Extensions>
    </Filter>
    <Filter Include="Header Files">
      <UniqueIdentifier>{480609ee-aba0-4ec6-bae5-2da09ae5ace6}</UniqueIdentifier>
      <Extensions>h;hpp;hxx;hm;inl</Extensions>
    </Filter>
    <Filter Include="Resource Files">
      <UniqueIdentifier>{1fd4a01f-3d4a-4ff3-b2fa-eee8aa217d62}</UniqueIdentifier>
      <Extensions>ico;cur;bmp;dlg;rc2;rct;bin;rgs;gif;jpg;jpeg;jpe</Extensions>
    </Filter>
  </ItemGroup>
  <ItemGroup>
    <ClCompile Include="..\WbemExecClient.cpp">
      <Filter>Source Files</Filter>
    </ClCompile>
    <ClCompile Include="..\WbemExecCommand.cpp">
      <Filter>Source Files</Filter>
    </ClCompile>
    <ClCompile Include="..\WbemExecException.cpp">
      <Filter>Source Files</Filter>
    </ClCompile>
    <ClCompile Include="..\XMLProcess.cpp">
      <Filter>Source Files</Filter>
    </ClCompile>
  </ItemGroup>
  <ItemGroup>
    <ClInclude Include="..\HttpConstants.h">
      <Filter>Header Files</Filter>
    </ClInclude>
    <ClInclude Include="..\WbemExecClient.h">
      <Filter>Header Files</Filter>
    </ClInclude>
    <ClInclude Include="..\WbemExecCommand.h">
      <Filter>Header Files</Filter>
    </ClInclude>
    <ClInclude Include="..\WbemExecException.h">
      <Filter>Header Files</Filter>
    </ClInclude>
    <ClInclude Include="..\XMLProcess.h">
      <Filter>Header Files</Filter>
    </ClInclude>
  </ItemGroup>
</Project>