<?xml version="1.0" encoding="utf-8"?>
<Project ToolsVersion="4.0" xmlns="http://schemas.microsoft.com/developer/msbuild/2003">
  <ItemGroup>
    <Filter Include="Source Files">
      <UniqueIdentifier>{31596b80-38c3-4f3b-a5cd-eaa2a19ecfd5}</UniqueIdentifier>
      <Extensions>cpp;c;cxx;rc;def;r;odl;idl;hpj;bat</Extensions>
    </Filter>
    <Filter Include="Header Files">
      <UniqueIdentifier>{6b867cf1-c567-49c6-a214-6568b29205af}</UniqueIdentifier>
      <Extensions>h;hpp;hxx;hm;inl</Extensions>
    </Filter>
    <Filter Include="Resource Files">
      <UniqueIdentifier>{f714ab7d-66fb-48d3-81a2-158781e5b045}</UniqueIdentifier>
      <Extensions>ico;cur;bmp;dlg;rc2;rct;bin;rgs;gif;jpg;jpeg;jpe</Extensions>
    </Filter>
  </ItemGroup>
  <ItemGroup>
    <ClCompile Include="..\BinaryMessageHandler.cpp">
      <Filter>Source Files</Filter>
    </ClCompile>
    <ClCompile Include="..\CIMOperationRequestAuthorizer.cpp">
      <Filter>Source Files</Filter>
    </ClCompile>
    <ClCompile Include="..\CIMOperationRequestDecoder.cpp">
      <Filter>Source Files</Filter>
    </ClCompile>
    <ClCompile Include="..\CIMOperationRequestDispatcher.cpp">
      <Filter>Source Files</Filter>
    </ClCompile>
    <ClCompile Include="..\CIMOperationResponseEncoder.cpp">
      <Filter>Source Files</Filter>
    </ClCompile>
    <ClCompile Include="..\CIMServer.cpp">
      <Filter>Source Files</Filter>
    </ClCompile>
    <ClCompile Include="..\CIMServerState.cpp">
      <Filter>Source Files</Filter>
    </ClCompile>
    <ClCompile Include="..\HTTPAuthenticatorDelegator.cpp">
      <Filter>Source Files</Filter>
    </ClCompile>
    <ClCompile Include="..\ProviderMessageFacade.cpp">
      <Filter>Source Files</Filter>
    </ClCompile>
    <ClCompile Include="..\QuerySupportRouter.cpp">
      <Filter>Source Files</Filter>
    </ClCompile>
    <ClCompile Include="..\reg_table.cpp">
      <Filter>Source Files</Filter>
    </ClCompile>
    <ClCompile Include="..\ShutdownProvider.cpp">
      <Filter>Source Files</Filter>
    </ClCompile>
    <ClCompile Include="..\ShutdownService.cpp">
      <Filter>Source Files</Filter>
    </ClCompile>
    <ClCompile Include="..\WQLOperationRequestDispatcher.cpp">
      <Filter>Source Files</Filter>
    </ClCompile>
  </ItemGroup>
  <ItemGroup>
    <ClInclude Include="..\BinaryMessageHandler.h">
      <Filter>Header Files</Filter>
    </ClInclude>
    <ClInclude Include="..\CIMOperationRequestAuthorizer.h">
      <Filter>Header Files</Filter>
    </ClInclude>
    <ClInclude Include="..\CIMOperationRequestDecoder.h">
      <Filter>Header Files</Filter>
    </ClInclude>
    <ClInclude Include="..\CIMOperationRequestDispatcher.h">
      <Filter>Header Files</Filter>
    </ClInclude>
    <ClInclude Include="..\CIMOperationResponseEncoder.h">
      <Filter>Header Files</Filter>
    </ClInclude>
    <ClInclude Include="..\CIMServer.h">
      <Filter>Header Files</Filter>
    </ClInclude>
    <ClInclude Include="..\CIMServerState.h">
      <Filter>Header Files</Filter>
    </ClInclude>
    <ClInclude Include="..\ConfigurationManager\ConfigurationManagerQueue.h">
      <Filter>Header Files</Filter>
    </ClInclude>
    <ClInclude Include="..\IndicationService\HandlerTable.h">
      <Filter>Header Files</Filter>
    </ClInclude>
    <ClInclude Include="..\HTTPAuthenticatorDelegator.h">
      <Filter>Header Files</Filter>
    </ClInclude>
    <ClInclude Include="..\IndicationService\IndicationService.h">
      <Filter>Header Files</Filter>
    </ClInclude>
    <ClInclude Include="..\ConfigurationManager\PG_RegistrationProvider.h">
      <Filter>Header Files</Filter>
    </ClInclude>
    <ClInclude Include="..\ProviderBlockedEntry.h">
      <Filter>Header Files</Filter>
    </ClInclude>
    <ClInclude Include="..\ProviderManager\ProviderBlockedEntry.h">
      <Filter>Header Files</Filter>
    </ClInclude>
    <ClInclude Include="..\ProviderManager\ProviderFacade.h">
      <Filter>Header Files</Filter>
    </ClInclude>
    <ClInclude Include="..\ProviderManager.h">
      <Filter>Header Files</Filter>
    </ClInclude>
    <ClInclude Include="..\ProviderManager\ProviderManagerQueue.h">
      <Filter>Header Files</Filter>
    </ClInclude>
    <ClInclude Include="..\ProviderMessageFacade.h">
      <Filter>Header Files</Filter>
    </ClInclude>
    <ClInclude Include="..\ProviderManager\ProviderModule.h">
      <Filter>Header Files</Filter>
    </ClInclude>
    <ClInclude Include="..\ProviderModule.h">
      <Filter>Header Files</Filter>
    </ClInclude>
    <ClInclude Include="..\PROVIDERREGISTRATIONMANAGER\PegPRM\ProviderRegistrationManager.h">
      <Filter>Header Files</Filter>
    </ClInclude>
    <ClInclude Include="..\PROVIDERREGISTRATIONMANAGER\PegPRM\ProviderRegistrationTable.h">
      <Filter>Header Files</Filter>
    </ClInclude>
    <ClInclude Include="..\QuerySupportRouter.h">
      <Filter>Header Files</Filter>
    </ClInclude>
    <ClInclude Include="..\reg_table.h">
      <Filter>Header Files</Filter>
    </ClInclude>
    <ClInclude Include="..\ShutdownExceptions.h">
      <Filter>Header Files</Filter>
    </ClInclude>
    <ClInclude Include="..\ShutdownProvider.h">
      <Filter>Header Files</Filter>
    </ClInclude>
    <ClInclude Include="..\ShutdownService.h">
      <Filter>Header Files</Filter>
    </ClInclude>
    <ClInclude Include="..\WQLOperationRequestDispatcher.h">
      <Filter>Header Files</Filter>
    </ClInclude>
  </ItemGroup>
</Project>